// !$*UTF8*$!
{
	archiveVersion = 1;
	classes = {
	};
	objectVersion = 46;
	objects = {

/* Begin PBXFileReference section */
		FFCD9BFB1953495B0036C0F9 /* .DS_Store */ = {isa = PBXFileReference; lastKnownFileType = file; path = .DS_Store; sourceTree = "<group>"; };
		FFCD9BFC1953495B0036C0F9 /* acinclude.m4 */ = {isa = PBXFileReference; lastKnownFileType = text; path = acinclude.m4; sourceTree = "<group>"; };
		FFCD9BFD1953495B0036C0F9 /* aclocal.m4 */ = {isa = PBXFileReference; lastKnownFileType = text; path = aclocal.m4; sourceTree = "<group>"; };
		FFCD9BFE1953495B0036C0F9 /* ACM */ = {isa = PBXFileReference; lastKnownFileType = folder; path = ACM; sourceTree = "<group>"; };
		FFCD9BFF1953495B0036C0F9 /* API */ = {isa = PBXFileReference; lastKnownFileType = text; path = API; sourceTree = "<group>"; };
		FFCD9C001953495B0036C0F9 /* ChangeLog */ = {isa = PBXFileReference; lastKnownFileType = text; path = ChangeLog; sourceTree = "<group>"; };
		FFCD9C011953495B0036C0F9 /* config.guess */ = {isa = PBXFileReference; lastKnownFileType = text.script.sh; path = config.guess; sourceTree = "<group>"; };
		FFCD9C021953495B0036C0F9 /* config.h.in */ = {isa = PBXFileReference; lastKnownFileType = text; path = config.h.in; sourceTree = "<group>"; };
		FFCD9C031953495B0036C0F9 /* config.rpath */ = {isa = PBXFileReference; lastKnownFileType = text.script.sh; path = config.rpath; sourceTree = "<group>"; };
		FFCD9C041953495B0036C0F9 /* config.sub */ = {isa = PBXFileReference; lastKnownFileType = text.script.sh; path = config.sub; sourceTree = "<group>"; };
		FFCD9C051953495B0036C0F9 /* configMS.h */ = {isa = PBXFileReference; lastKnownFileType = sourcecode.c.h; path = configMS.h; sourceTree = "<group>"; };
		FFCD9C061953495B0036C0F9 /* configure */ = {isa = PBXFileReference; lastKnownFileType = text.script.sh; path = configure; sourceTree = "<group>"; };
		FFCD9C071953495B0036C0F9 /* configure.in */ = {isa = PBXFileReference; lastKnownFileType = text; path = configure.in; sourceTree = "<group>"; };
		FFCD9C081953495B0036C0F9 /* COPYING */ = {isa = PBXFileReference; lastKnownFileType = text; path = COPYING; sourceTree = "<group>"; };
		FFCD9C091953495B0036C0F9 /* debian */ = {isa = PBXFileReference; lastKnownFileType = folder; path = debian; sourceTree = "<group>"; };
		FFCD9C0A1953495B0036C0F9 /* DEFINES */ = {isa = PBXFileReference; lastKnownFileType = text; path = DEFINES; sourceTree = "<group>"; };
		FFCD9C0B1953495B0036C0F9 /* depcomp */ = {isa = PBXFileReference; lastKnownFileType = text.script.sh; path = depcomp; sourceTree = "<group>"; };
		FFCD9C0C1953495B0036C0F9 /* Dll */ = {isa = PBXFileReference; lastKnownFileType = folder; path = Dll; sourceTree = "<group>"; };
		FFCD9C0D1953495B0036C0F9 /* doc */ = {isa = PBXFileReference; lastKnownFileType = folder; path = doc; sourceTree = "<group>"; };
		FFCD9C0E1953495B0036C0F9 /* dshow */ = {isa = PBXFileReference; lastKnownFileType = folder; path = dshow; sourceTree = "<group>"; };
		FFCD9C0F1953495B0036C0F9 /* frontend */ = {isa = PBXFileReference; lastKnownFileType = folder; path = frontend; sourceTree = "<group>"; };
		FFCD9C101953495B0036C0F9 /* HACKING */ = {isa = PBXFileReference; lastKnownFileType = text; path = HACKING; sourceTree = "<group>"; };
		FFCD9C111953495B0036C0F9 /* include */ = {isa = PBXFileReference; lastKnownFileType = folder; path = include; sourceTree = "<group>"; };
		FFCD9C121953495B0036C0F9 /* INSTALL */ = {isa = PBXFileReference; lastKnownFileType = text; path = INSTALL; sourceTree = "<group>"; };
		FFCD9C131953495B0036C0F9 /* install-sh */ = {isa = PBXFileReference; lastKnownFileType = text.script.sh; path = "install-sh"; sourceTree = "<group>"; };
		FFCD9C141953495B0036C0F9 /* INSTALL.configure */ = {isa = PBXFileReference; lastKnownFileType = text; path = INSTALL.configure; sourceTree = "<group>"; };
		FFCD9C151953495B0036C0F9 /* lame-3.99.5 2.xcodeproj */ = {isa = PBXFileReference; lastKnownFileType = "wrapper.pb-project"; path = "lame-3.99.5 2.xcodeproj"; sourceTree = "<group>"; };
		FFCD9C181953495B0036C0F9 /* lame-3.99.5.xcodeproj */ = {isa = PBXFileReference; lastKnownFileType = "wrapper.pb-project"; path = "lame-3.99.5.xcodeproj"; sourceTree = "<group>"; };
		FFCD9C1B1953495B0036C0F9 /* lame.bat */ = {isa = PBXFileReference; lastKnownFileType = text; path = lame.bat; sourceTree = "<group>"; };
		FFCD9C1C1953495B0036C0F9 /* lame.spec */ = {isa = PBXFileReference; lastKnownFileType = text; path = lame.spec; sourceTree = "<group>"; };
		FFCD9C1D1953495B0036C0F9 /* lame.spec.in */ = {isa = PBXFileReference; lastKnownFileType = text; path = lame.spec.in; sourceTree = "<group>"; };
		FFCD9C1E1953495B0036C0F9 /* libmp3lame */ = {isa = PBXFileReference; lastKnownFileType = folder; path = libmp3lame; sourceTree = "<group>"; };
		FFCD9C1F1953495B0036C0F9 /* LICENSE */ = {isa = PBXFileReference; lastKnownFileType = text; path = LICENSE; sourceTree = "<group>"; };
		FFCD9C201953495B0036C0F9 /* ltmain.sh */ = {isa = PBXFileReference; lastKnownFileType = text.script.sh; path = ltmain.sh; sourceTree = "<group>"; };
		FFCD9C211953495B0036C0F9 /* mac */ = {isa = PBXFileReference; lastKnownFileType = folder; path = mac; sourceTree = "<group>"; };
		FFCD9C221953495B0036C0F9 /* macosx */ = {isa = PBXFileReference; lastKnownFileType = folder; path = macosx; sourceTree = "<group>"; };
		FFCD9C231953495B0036C0F9 /* Makefile.am */ = {isa = PBXFileReference; lastKnownFileType = text; path = Makefile.am; sourceTree = "<group>"; };
		FFCD9C241953495B0036C0F9 /* Makefile.am.global */ = {isa = PBXFileReference; lastKnownFileType = text; path = Makefile.am.global; sourceTree = "<group>"; };
		FFCD9C251953495B0036C0F9 /* Makefile.in */ = {isa = PBXFileReference; lastKnownFileType = text; path = Makefile.in; sourceTree = "<group>"; };
		FFCD9C261953495B0036C0F9 /* Makefile.MSVC */ = {isa = PBXFileReference; lastKnownFileType = text; path = Makefile.MSVC; sourceTree = "<group>"; };
		FFCD9C271953495B0036C0F9 /* Makefile.unix */ = {isa = PBXFileReference; lastKnownFileType = text; path = Makefile.unix; sourceTree = "<group>"; };
		FFCD9C281953495B0036C0F9 /* misc */ = {isa = PBXFileReference; lastKnownFileType = folder; path = misc; sourceTree = "<group>"; };
		FFCD9C291953495B0036C0F9 /* missing */ = {isa = PBXFileReference; lastKnownFileType = text.script.sh; path = missing; sourceTree = "<group>"; };
		FFCD9C2A1953495B0036C0F9 /* mpglib */ = {isa = PBXFileReference; lastKnownFileType = folder; path = mpglib; sourceTree = "<group>"; };
		FFCD9C2B1953495B0036C0F9 /* README */ = {isa = PBXFileReference; lastKnownFileType = text; path = README; sourceTree = "<group>"; };
		FFCD9C2C1953495B0036C0F9 /* README.WINGTK */ = {isa = PBXFileReference; lastKnownFileType = text; path = README.WINGTK; sourceTree = "<group>"; };
		FFCD9C2D1953495B0036C0F9 /* STYLEGUIDE */ = {isa = PBXFileReference; lastKnownFileType = text; path = STYLEGUIDE; sourceTree = "<group>"; };
		FFCD9C2E1953495B0036C0F9 /* testcase.mp3 */ = {isa = PBXFileReference; lastKnownFileType = audio.mp3; path = testcase.mp3; sourceTree = "<group>"; };
		FFCD9C2F1953495B0036C0F9 /* testcase.wav */ = {isa = PBXFileReference; lastKnownFileType = audio.wav; path = testcase.wav; sourceTree = "<group>"; };
		FFCD9C301953495B0036C0F9 /* TODO */ = {isa = PBXFileReference; lastKnownFileType = text; path = TODO; sourceTree = "<group>"; };
		FFCD9C311953495B0036C0F9 /* USAGE */ = {isa = PBXFileReference; lastKnownFileType = text; path = USAGE; sourceTree = "<group>"; };
		FFCD9C321953495B0036C0F9 /* vc_solution */ = {isa = PBXFileReference; lastKnownFileType = folder; path = vc_solution; sourceTree = "<group>"; };
/* End PBXFileReference section */

/* Begin PBXGroup section */
		FFCD9BF51953495B0036C0F9 = {
			isa = PBXGroup;
			children = (
				FFCD9BFB1953495B0036C0F9 /* .DS_Store */,
				FFCD9BFC1953495B0036C0F9 /* acinclude.m4 */,
				FFCD9BFD1953495B0036C0F9 /* aclocal.m4 */,
				FFCD9BFE1953495B0036C0F9 /* ACM */,
				FFCD9BFF1953495B0036C0F9 /* API */,
				FFCD9C001953495B0036C0F9 /* ChangeLog */,
				FFCD9C011953495B0036C0F9 /* config.guess */,
				FFCD9C021953495B0036C0F9 /* config.h.in */,
				FFCD9C031953495B0036C0F9 /* config.rpath */,
				FFCD9C041953495B0036C0F9 /* config.sub */,
				FFCD9C051953495B0036C0F9 /* configMS.h */,
				FFCD9C061953495B0036C0F9 /* configure */,
				FFCD9C071953495B0036C0F9 /* configure.in */,
				FFCD9C081953495B0036C0F9 /* COPYING */,
				FFCD9C091953495B0036C0F9 /* debian */,
				FFCD9C0A1953495B0036C0F9 /* DEFINES */,
				FFCD9C0B1953495B0036C0F9 /* depcomp */,
				FFCD9C0C1953495B0036C0F9 /* Dll */,
				FFCD9C0D1953495B0036C0F9 /* doc */,
				FFCD9C0E1953495B0036C0F9 /* dshow */,
				FFCD9C0F1953495B0036C0F9 /* frontend */,
				FFCD9C101953495B0036C0F9 /* HACKING */,
				FFCD9C111953495B0036C0F9 /* include */,
				FFCD9C121953495B0036C0F9 /* INSTALL */,
				FFCD9C131953495B0036C0F9 /* install-sh */,
				FFCD9C141953495B0036C0F9 /* INSTALL.configure */,
				FFCD9C151953495B0036C0F9 /* lame-3.99.5 2.xcodeproj */,
				FFCD9C181953495B0036C0F9 /* lame-3.99.5.xcodeproj */,
				FFCD9C1B1953495B0036C0F9 /* lame.bat */,
				FFCD9C1C1953495B0036C0F9 /* lame.spec */,
				FFCD9C1D1953495B0036C0F9 /* lame.spec.in */,
				FFCD9C1E1953495B0036C0F9 /* libmp3lame */,
				FFCD9C1F1953495B0036C0F9 /* LICENSE */,
				FFCD9C201953495B0036C0F9 /* ltmain.sh */,
				FFCD9C211953495B0036C0F9 /* mac */,
				FFCD9C221953495B0036C0F9 /* macosx */,
				FFCD9C231953495B0036C0F9 /* Makefile.am */,
				FFCD9C241953495B0036C0F9 /* Makefile.am.global */,
				FFCD9C251953495B0036C0F9 /* Makefile.in */,
				FFCD9C261953495B0036C0F9 /* Makefile.MSVC */,
				FFCD9C271953495B0036C0F9 /* Makefile.unix */,
				FFCD9C281953495B0036C0F9 /* misc */,
				FFCD9C291953495B0036C0F9 /* missing */,
				FFCD9C2A1953495B0036C0F9 /* mpglib */,
				FFCD9C2B1953495B0036C0F9 /* README */,
				FFCD9C2C1953495B0036C0F9 /* README.WINGTK */,
				FFCD9C2D1953495B0036C0F9 /* STYLEGUIDE */,
				FFCD9C2E1953495B0036C0F9 /* testcase.mp3 */,
				FFCD9C2F1953495B0036C0F9 /* testcase.wav */,
				FFCD9C301953495B0036C0F9 /* TODO */,
				FFCD9C311953495B0036C0F9 /* USAGE */,
				FFCD9C321953495B0036C0F9 /* vc_solution */,
			);
			sourceTree = "<group>";
		};
		FFCD9C161953495B0036C0F9 /* Products */ = {
			isa = PBXGroup;
			children = (
			);
			name = Products;
			sourceTree = "<group>";
		};
		FFCD9C191953495B0036C0F9 /* Products */ = {
			isa = PBXGroup;
			children = (
			);
			name = Products;
			sourceTree = "<group>";
		};
/* End PBXGroup section */

/* Begin PBXLegacyTarget section */
		FFCD9BFA1953495B0036C0F9 /* lame-3.99.5 */ = {
			isa = PBXLegacyTarget;
			buildArgumentsString = "$(ACTION)";
			buildConfigurationList = FFCD9C361953495B0036C0F9 /* Build configuration list for PBXLegacyTarget "lame-3.99.5" */;
			buildPhases = (
			);
			buildToolPath = /usr/bin/make;
			buildWorkingDirectory = "/Applications/Yapster/Yapster/lame-3.99.5";
			dependencies = (
			);
			name = "lame-3.99.5";
			passBuildSettingsInEnvironment = 1;
			productName = "lame-3.99.5";
		};
/* End PBXLegacyTarget section */

/* Begin PBXProject section */
		FFCD9BF61953495B0036C0F9 /* Project object */ = {
			isa = PBXProject;
			attributes = {
			};
			buildConfigurationList = FFCD9BF91953495B0036C0F9 /* Build configuration list for PBXProject "lame-3.99.5 3" */;
			compatibilityVersion = "Xcode 3.2";
			developmentRegion = English;
			hasScannedForEncodings = 0;
			knownRegions = (
				en,
			);
			mainGroup = FFCD9BF51953495B0036C0F9;
			projectDirPath = "";
			projectReferences = (
				{
					ProductGroup = FFCD9C161953495B0036C0F9 /* Products */;
					ProjectRef = FFCD9C151953495B0036C0F9 /* lame-3.99.5 2.xcodeproj */;
				},
				{
					ProductGroup = FFCD9C191953495B0036C0F9 /* Products */;
					ProjectRef = FFCD9C181953495B0036C0F9 /* lame-3.99.5.xcodeproj */;
				},
			);
			projectRoot = "";
			targets = (
				FFCD9BFA1953495B0036C0F9 /* lame-3.99.5 */,
			);
		};
/* End PBXProject section */

/* Begin XCBuildConfiguration section */
		FFCD9BF71953495B0036C0F9 /* Debug */ = {
			isa = XCBuildConfiguration;
			buildSettings = {
				ARCHS = "$(ARCHS_STANDARD_32_BIT)";
				COPY_PHASE_STRIP = NO;
				GCC_WARN_ABOUT_RETURN_TYPE = YES;
				GCC_WARN_UNUSED_VARIABLE = YES;
				ONLY_ACTIVE_ARCH = YES;
				SDKROOT = macosx10.6;
			};
			name = Debug;
		};
		FFCD9BF81953495B0036C0F9 /* Release */ = {
			isa = XCBuildConfiguration;
			buildSettings = {
				ARCHS = "$(ARCHS_STANDARD_32_BIT)";
				COPY_PHASE_STRIP = YES;
				GCC_WARN_ABOUT_RETURN_TYPE = YES;
				GCC_WARN_UNUSED_VARIABLE = YES;
				SDKROOT = macosx10.6;
			};
			name = Release;
		};
		FFCD9C371953495B0036C0F9 /* Debug */ = {
			isa = XCBuildConfiguration;
			buildSettings = {
				COPY_PHASE_STRIP = NO;
				DEBUGGING_SYMBOLS = YES;
				GCC_DYNAMIC_NO_PIC = NO;
				GCC_ENABLE_FIX_AND_CONTINUE = YES;
				GCC_GENERATE_DEBUGGING_SYMBOLS = YES;
				GCC_OPTIMIZATION_LEVEL = 0;
				OTHER_CFLAGS = "";
				OTHER_LDFLAGS = "";
				PRODUCT_NAME = "lame-3.99.5";
			};
			name = Debug;
		};
		FFCD9C381953495B0036C0F9 /* Release */ = {
			isa = XCBuildConfiguration;
			buildSettings = {
				COPY_PHASE_STRIP = YES;
				DEBUG_INFORMATION_FORMAT = "dwarf-with-dsym";
				GCC_ENABLE_FIX_AND_CONTINUE = NO;
				OTHER_CFLAGS = "";
				OTHER_LDFLAGS = "";
				PRODUCT_NAME = "lame-3.99.5";
			};
			name = Release;
		};
/* End XCBuildConfiguration section */

/* Begin XCConfigurationList section */
		FFCD9BF91953495B0036C0F9 /* Build configuration list for PBXProject "lame-3.99.5 3" */ = {
			isa = XCConfigurationList;
			buildConfigurations = (
				FFCD9BF71953495B0036C0F9 /* Debug */,
				FFCD9BF81953495B0036C0F9 /* Release */,
			);
			defaultConfigurationIsVisible = 0;
			defaultConfigurationName = Release;
		};
		FFCD9C361953495B0036C0F9 /* Build configuration list for PBXLegacyTarget "lame-3.99.5" */ = {
			isa = XCConfigurationList;
			buildConfigurations = (
				FFCD9C371953495B0036C0F9 /* Debug */,
				FFCD9C381953495B0036C0F9 /* Release */,
			);
			defaultConfigurationIsVisible = 0;
			defaultConfigurationName = Release;
		};
/* End XCConfigurationList section */
	};
	rootObject = FFCD9BF61953495B0036C0F9 /* Project object */;
}
